github.com/becheran/wildmatch-go v1.0.0 h1:mE3dGGkTmpKtT4Z+88t8RStG40yN9T+kFEGj2PZFSzA=
github.com/becheran/wildmatch-go v1.0.0/go.mod h1:gbMvj0NtVdJ15Mg/mH9uxk2R1QCistMyU7d9KFzroX4=
github.com/fsnotify/fsnotify v1.4.3-0.20161026203122-fd9ec7deca8b h1:bZQ3Z4jYxLufSFf7zo/cLJ/1WahBEMPCFsgcOjzAAzA=
github.com/fsnotify/fsnotify v1.4.3-0.20161026203122-fd9ec7deca8b/go.mod h1:jwhsz4b93w/PPRr/qN1Yymfu8t87LnFCMoQvtojpjFo=
golang.org/x/sys v0.1.0 h1:kunALQeHf1/185U1i0GOB/fy1IPRDDpuoOOqRReG57U=
golang.org/x/sys v0.1.0/go.mod h1:oPkhp1MJrh7nUepCBck5+mAzfO9JrbApNNgaTdGDITg=
